// !$*UTF8*$!
{
	archiveVersion = 1;
	classes = {
	};
	objectVersion = 46;
	objects = {

/* Begin PBXBuildFile section */
		C5A736511EBE21C0000D00E9 /* AppDelegate.swift in Sources */ = {isa = PBXBuildFile; fileRef = C5A736501EBE21C0000D00E9 /* AppDelegate.swift */; };
		C5A736561EBE21C0000D00E9 /* Main.storyboard in Resources */ = {isa = PBXBuildFile; fileRef = C5A736541EBE21C0000D00E9 /* Main.storyboard */; };
		C5A736581EBE21C0000D00E9 /* Assets.xcassets in Resources */ = {isa = PBXBuildFile; fileRef = C5A736571EBE21C0000D00E9 /* Assets.xcassets */; };
		C5A7365B1EBE21C0000D00E9 /* LaunchScreen.storyboard in Resources */ = {isa = PBXBuildFile; fileRef = C5A736591EBE21C0000D00E9 /* LaunchScreen.storyboard */; };
		C5A736661EBE21C0000D00E9 /* QrBillTests.swift in Sources */ = {isa = PBXBuildFile; fileRef = C5A736651EBE21C0000D00E9 /* QrBillTests.swift */; };
		C5A736711EBE21C0000D00E9 /* QrBillUITests.swift in Sources */ = {isa = PBXBuildFile; fileRef = C5A736701EBE21C0000D00E9 /* QrBillUITests.swift */; };
		C5A736811EBE3728000D00E9 /* ReadQrCode.swift in Sources */ = {isa = PBXBuildFile; fileRef = C5A736801EBE3728000D00E9 /* ReadQrCode.swift */; };
		C5A736831EBE3C6E000D00E9 /* ResultTableViewController.swift in Sources */ = {isa = PBXBuildFile; fileRef = C5A736821EBE3C6E000D00E9 /* ResultTableViewController.swift */; };
		C5A736871EBE6CAE000D00E9 /* MenuItem.swift in Sources */ = {isa = PBXBuildFile; fileRef = C5A736861EBE6CAE000D00E9 /* MenuItem.swift */; };
		C5A736891EBE6F1A000D00E9 /* parceJSONData.swift in Sources */ = {isa = PBXBuildFile; fileRef = C5A736881EBE6F1A000D00E9 /* parceJSONData.swift */; };
		C5A7368B1EBE82FC000D00E9 /* parceXMLData.swift in Sources */ = {isa = PBXBuildFile; fileRef = C5A7368A1EBE82FC000D00E9 /* parceXMLData.swift */; };
		C5A7368F1EBEA0B6000D00E9 /* defineOfData.swift in Sources */ = {isa = PBXBuildFile; fileRef = C5A7368E1EBEA0B6000D00E9 /* defineOfData.swift */; };
		C5A736931EBEA9B3000D00E9 /* GetDataFromHttps.swift in Sources */ = {isa = PBXBuildFile; fileRef = C5A736921EBEA9B3000D00E9 /* GetDataFromHttps.swift */; };
/* End PBXBuildFile section */

/* Begin PBXContainerItemProxy section */
		C5A736621EBE21C0000D00E9 /* PBXContainerItemProxy */ = {
			isa = PBXContainerItemProxy;
			containerPortal = C5A736451EBE21C0000D00E9 /* Project object */;
			proxyType = 1;
			remoteGlobalIDString = C5A7364C1EBE21C0000D00E9;
			remoteInfo = QrBill;
		};
		C5A7366D1EBE21C0000D00E9 /* PBXContainerItemProxy */ = {
			isa = PBXContainerItemProxy;
			containerPortal = C5A736451EBE21C0000D00E9 /* Project object */;
			proxyType = 1;
			remoteGlobalIDString = C5A7364C1EBE21C0000D00E9;
			remoteInfo = QrBill;
		};
/* End PBXContainerItemProxy section */

/* Begin PBXFileReference section */
		C5A7364D1EBE21C0000D00E9 /* QrBill.app */ = {isa = PBXFileReference; explicitFileType = wrapper.application; includeInIndex = 0; path = QrBill.app; sourceTree = BUILT_PRODUCTS_DIR; };
		C5A736501EBE21C0000D00E9 /* AppDelegate.swift */ = {isa = PBXFileReference; lastKnownFileType = sourcecode.swift; path = AppDelegate.swift; sourceTree = "<group>"; };
		C5A736551EBE21C0000D00E9 /* Base */ = {isa = PBXFileReference; lastKnownFileType = file.storyboard; name = Base; path = Base.lproj/Main.storyboard; sourceTree = "<group>"; };
		C5A736571EBE21C0000D00E9 /* Assets.xcassets */ = {isa = PBXFileReference; lastKnownFileType = folder.assetcatalog; path = Assets.xcassets; sourceTree = "<group>"; };
		C5A7365A1EBE21C0000D00E9 /* Base */ = {isa = PBXFileReference; lastKnownFileType = file.storyboard; name = Base; path = Base.lproj/LaunchScreen.storyboard; sourceTree = "<group>"; };
		C5A7365C1EBE21C0000D00E9 /* Info.plist */ = {isa = PBXFileReference; lastKnownFileType = text.plist.xml; path = Info.plist; sourceTree = "<group>"; };
		C5A736611EBE21C0000D00E9 /* QrBillTests.xctest */ = {isa = PBXFileReference; explicitFileType = wrapper.cfbundle; includeInIndex = 0; path = QrBillTests.xctest; sourceTree = BUILT_PRODUCTS_DIR; };
		C5A736651EBE21C0000D00E9 /* QrBillTests.swift */ = {isa = PBXFileReference; lastKnownFileType = sourcecode.swift; path = QrBillTests.swift; sourceTree = "<group>"; };
		C5A736671EBE21C0000D00E9 /* Info.plist */ = {isa = PBXFileReference; lastKnownFileType = text.plist.xml; path = Info.plist; sourceTree = "<group>"; };
		C5A7366C1EBE21C0000D00E9 /* QrBillUITests.xctest */ = {isa = PBXFileReference; explicitFileType = wrapper.cfbundle; includeInIndex = 0; path = QrBillUITests.xctest; sourceTree = BUILT_PRODUCTS_DIR; };
		C5A736701EBE21C0000D00E9 /* QrBillUITests.swift */ = {isa = PBXFileReference; lastKnownFileType = sourcecode.swift; path = QrBillUITests.swift; sourceTree = "<group>"; };
		C5A736721EBE21C0000D00E9 /* Info.plist */ = {isa = PBXFileReference; lastKnownFileType = text.plist.xml; path = Info.plist; sourceTree = "<group>"; };
		C5A736801EBE3728000D00E9 /* ReadQrCode.swift */ = {isa = PBXFileReference; fileEncoding = 4; lastKnownFileType = sourcecode.swift; name = ReadQrCode.swift; path = ../ReadQrCode.swift; sourceTree = "<group>"; };
		C5A736821EBE3C6E000D00E9 /* ResultTableViewController.swift */ = {isa = PBXFileReference; fileEncoding = 4; lastKnownFileType = sourcecode.swift; path = ResultTableViewController.swift; sourceTree = "<group>"; };
		C5A736861EBE6CAE000D00E9 /* MenuItem.swift */ = {isa = PBXFileReference; fileEncoding = 4; lastKnownFileType = sourcecode.swift; path = MenuItem.swift; sourceTree = "<group>"; };
		C5A736881EBE6F1A000D00E9 /* parceJSONData.swift */ = {isa = PBXFileReference; fileEncoding = 4; lastKnownFileType = sourcecode.swift; path = parceJSONData.swift; sourceTree = "<group>"; };
		C5A7368A1EBE82FC000D00E9 /* parceXMLData.swift */ = {isa = PBXFileReference; fileEncoding = 4; lastKnownFileType = sourcecode.swift; path = parceXMLData.swift; sourceTree = "<group>"; };
		C5A7368E1EBEA0B6000D00E9 /* defineOfData.swift */ = {isa = PBXFileReference; fileEncoding = 4; lastKnownFileType = sourcecode.swift; path = defineOfData.swift; sourceTree = "<group>"; };
		C5A736921EBEA9B3000D00E9 /* GetDataFromHttps.swift */ = {isa = PBXFileReference; fileEncoding = 4; lastKnownFileType = sourcecode.swift; path = GetDataFromHttps.swift; sourceTree = "<group>"; };
/* End PBXFileReference section */

/* Begin PBXFrameworksBuildPhase section */
		C5A7364A1EBE21C0000D00E9 /* Frameworks */ = {
			isa = PBXFrameworksBuildPhase;
			buildActionMask = 2147483647;
			files = (
			);
			runOnlyForDeploymentPostprocessing = 0;
		};
		C5A7365E1EBE21C0000D00E9 /* Frameworks */ = {
			isa = PBXFrameworksBuildPhase;
			buildActionMask = 2147483647;
			files = (
			);
			runOnlyForDeploymentPostprocessing = 0;
		};
		C5A736691EBE21C0000D00E9 /* Frameworks */ = {
			isa = PBXFrameworksBuildPhase;
			buildActionMask = 2147483647;
			files = (
			);
			runOnlyForDeploymentPostprocessing = 0;
		};
/* End PBXFrameworksBuildPhase section */

/* Begin PBXGroup section */
		C5A736441EBE21C0000D00E9 = {
			isa = PBXGroup;
			children = (
				C5A736921EBEA9B3000D00E9 /* GetDataFromHttps.swift */,
				C5A7364F1EBE21C0000D00E9 /* QrBill */,
				C5A736641EBE21C0000D00E9 /* QrBillTests */,
				C5A7366F1EBE21C0000D00E9 /* QrBillUITests */,
				C5A7364E1EBE21C0000D00E9 /* Products */,
			);
			sourceTree = "<group>";
		};
		C5A7364E1EBE21C0000D00E9 /* Products */ = {
			isa = PBXGroup;
			children = (
				C5A7364D1EBE21C0000D00E9 /* QrBill.app */,
				C5A736611EBE21C0000D00E9 /* QrBillTests.xctest */,
				C5A7366C1EBE21C0000D00E9 /* QrBillUITests.xctest */,
			);
			name = Products;
			sourceTree = "<group>";
		};
		C5A7364F1EBE21C0000D00E9 /* QrBill */ = {
			isa = PBXGroup;
			children = (
				C5A736501EBE21C0000D00E9 /* AppDelegate.swift */,
				C5A7368A1EBE82FC000D00E9 /* parceXMLData.swift */,
				C5A736821EBE3C6E000D00E9 /* ResultTableViewController.swift */,
				C5A736881EBE6F1A000D00E9 /* parceJSONData.swift */,
				C5A7368E1EBEA0B6000D00E9 /* defineOfData.swift */,
				C5A736861EBE6CAE000D00E9 /* MenuItem.swift */,
				C5A736801EBE3728000D00E9 /* ReadQrCode.swift */,
				C5A736541EBE21C0000D00E9 /* Main.storyboard */,
				C5A736571EBE21C0000D00E9 /* Assets.xcassets */,
				C5A736591EBE21C0000D00E9 /* LaunchScreen.storyboard */,
				C5A7365C1EBE21C0000D00E9 /* Info.plist */,
			);
			path = QrBill;
			sourceTree = "<group>";
		};
		C5A736641EBE21C0000D00E9 /* QrBillTests */ = {
			isa = PBXGroup;
			children = (
				C5A736651EBE21C0000D00E9 /* QrBillTests.swift */,
				C5A736671EBE21C0000D00E9 /* Info.plist */,
			);
			path = QrBillTests;
			sourceTree = "<group>";
		};
		C5A7366F1EBE21C0000D00E9 /* QrBillUITests */ = {
			isa = PBXGroup;
			children = (
				C5A736701EBE21C0000D00E9 /* QrBillUITests.swift */,
				C5A736721EBE21C0000D00E9 /* Info.plist */,
			);
			path = QrBillUITests;
			sourceTree = "<group>";
		};
/* End PBXGroup section */

/* Begin PBXNativeTarget section */
		C5A7364C1EBE21C0000D00E9 /* QrBill */ = {
			isa = PBXNativeTarget;
			buildConfigurationList = C5A736751EBE21C0000D00E9 /* Build configuration list for PBXNativeTarget "QrBill" */;
			buildPhases = (
				C5A736491EBE21C0000D00E9 /* Sources */,
				C5A7364A1EBE21C0000D00E9 /* Frameworks */,
				C5A7364B1EBE21C0000D00E9 /* Resources */,
			);
			buildRules = (
			);
			dependencies = (
			);
			name = QrBill;
			productName = QrBill;
			productReference = C5A7364D1EBE21C0000D00E9 /* QrBill.app */;
			productType = "com.apple.product-type.application";
		};
		C5A736601EBE21C0000D00E9 /* QrBillTests */ = {
			isa = PBXNativeTarget;
			buildConfigurationList = C5A736781EBE21C0000D00E9 /* Build configuration list for PBXNativeTarget "QrBillTests" */;
			buildPhases = (
				C5A7365D1EBE21C0000D00E9 /* Sources */,
				C5A7365E1EBE21C0000D00E9 /* Frameworks */,
				C5A7365F1EBE21C0000D00E9 /* Resources */,
			);
			buildRules = (
			);
			dependencies = (
				C5A736631EBE21C0000D00E9 /* PBXTargetDependency */,
			);
			name = QrBillTests;
			productName = QrBillTests;
			productReference = C5A736611EBE21C0000D00E9 /* QrBillTests.xctest */;
			productType = "com.apple.product-type.bundle.unit-test";
		};
		C5A7366B1EBE21C0000D00E9 /* QrBillUITests */ = {
			isa = PBXNativeTarget;
			buildConfigurationList = C5A7367B1EBE21C0000D00E9 /* Build configuration list for PBXNativeTarget "QrBillUITests" */;
			buildPhases = (
				C5A736681EBE21C0000D00E9 /* Sources */,
				C5A736691EBE21C0000D00E9 /* Frameworks */,
				C5A7366A1EBE21C0000D00E9 /* Resources */,
			);
			buildRules = (
			);
			dependencies = (
				C5A7366E1EBE21C0000D00E9 /* PBXTargetDependency */,
			);
			name = QrBillUITests;
			productName = QrBillUITests;
			productReference = C5A7366C1EBE21C0000D00E9 /* QrBillUITests.xctest */;
			productType = "com.apple.product-type.bundle.ui-testing";
		};
/* End PBXNativeTarget section */

/* Begin PBXProject section */
		C5A736451EBE21C0000D00E9 /* Project object */ = {
			isa = PBXProject;
			attributes = {
				LastSwiftUpdateCheck = 0830;
				LastUpgradeCheck = 0830;
				ORGANIZATIONNAME = DevChallenge;
				TargetAttributes = {
					C5A7364C1EBE21C0000D00E9 = {
						CreatedOnToolsVersion = 8.3.2;
						DevelopmentTeam = 9VM57AG273;
						ProvisioningStyle = Automatic;
					};
					C5A736601EBE21C0000D00E9 = {
						CreatedOnToolsVersion = 8.3.2;
						ProvisioningStyle = Automatic;
						TestTargetID = C5A7364C1EBE21C0000D00E9;
					};
					C5A7366B1EBE21C0000D00E9 = {
						CreatedOnToolsVersion = 8.3.2;
						ProvisioningStyle = Automatic;
						TestTargetID = C5A7364C1EBE21C0000D00E9;
					};
				};
			};
			buildConfigurationList = C5A736481EBE21C0000D00E9 /* Build configuration list for PBXProject "QrBill" */;
			compatibilityVersion = "Xcode 3.2";
			developmentRegion = English;
			hasScannedForEncodings = 0;
			knownRegions = (
				en,
				Base,
			);
			mainGroup = C5A736441EBE21C0000D00E9;
			productRefGroup = C5A7364E1EBE21C0000D00E9 /* Products */;
			projectDirPath = "";
			projectRoot = "";
			targets = (
				C5A7364C1EBE21C0000D00E9 /* QrBill */,
				C5A736601EBE21C0000D00E9 /* QrBillTests */,
				C5A7366B1EBE21C0000D00E9 /* QrBillUITests */,
			);
		};
/* End PBXProject section */

/* Begin PBXResourcesBuildPhase section */
		C5A7364B1EBE21C0000D00E9 /* Resources */ = {
			isa = PBXResourcesBuildPhase;
			buildActionMask = 2147483647;
			files = (
				C5A7365B1EBE21C0000D00E9 /* LaunchScreen.storyboard in Resources */,
				C5A736581EBE21C0000D00E9 /* Assets.xcassets in Resources */,
				C5A736561EBE21C0000D00E9 /* Main.storyboard in Resources */,
			);
			runOnlyForDeploymentPostprocessing = 0;
		};
		C5A7365F1EBE21C0000D00E9 /* Resources */ = {
			isa = PBXResourcesBuildPhase;
			buildActionMask = 2147483647;
			files = (
			);
			runOnlyForDeploymentPostprocessing = 0;
		};
		C5A7366A1EBE21C0000D00E9 /* Resources */ = {
			isa = PBXResourcesBuildPhase;
			buildActionMask = 2147483647;
			files = (
			);
			runOnlyForDeploymentPostprocessing = 0;
		};
/* End PBXResourcesBuildPhase section */

/* Begin PBXSourcesBuildPhase section */
		C5A736491EBE21C0000D00E9 /* Sources */ = {
			isa = PBXSourcesBuildPhase;
			buildActionMask = 2147483647;
			files = (
				C5A736831EBE3C6E000D00E9 /* ResultTableViewController.swift in Sources */,
				C5A736891EBE6F1A000D00E9 /* parceJSONData.swift in Sources */,
				C5A736931EBEA9B3000D00E9 /* GetDataFromHttps.swift in Sources */,
				C5A736871EBE6CAE000D00E9 /* MenuItem.swift in Sources */,
				C5A7368B1EBE82FC000D00E9 /* parceXMLData.swift in Sources */,
				C5A736511EBE21C0000D00E9 /* AppDelegate.swift in Sources */,
				C5A736811EBE3728000D00E9 /* ReadQrCode.swift in Sources */,
				C5A7368F1EBEA0B6000D00E9 /* defineOfData.swift in Sources */,
			);
			runOnlyForDeploymentPostprocessing = 0;
		};
		C5A7365D1EBE21C0000D00E9 /* Sources */ = {
			isa = PBXSourcesBuildPhase;
			buildActionMask = 2147483647;
			files = (
				C5A736661EBE21C0000D00E9 /* QrBillTests.swift in Sources */,
			);
			runOnlyForDeploymentPostprocessing = 0;
		};
		C5A736681EBE21C0000D00E9 /* Sources */ = {
			isa = PBXSourcesBuildPhase;
			buildActionMask = 2147483647;
			files = (
				C5A736711EBE21C0000D00E9 /* QrBillUITests.swift in Sources */,
			);
			runOnlyForDeploymentPostprocessing = 0;
		};
/* End PBXSourcesBuildPhase section */

/* Begin PBXTargetDependency section */
		C5A736631EBE21C0000D00E9 /* PBXTargetDependency */ = {
			isa = PBXTargetDependency;
			target = C5A7364C1EBE21C0000D00E9 /* QrBill */;
			targetProxy = C5A736621EBE21C0000D00E9 /* PBXContainerItemProxy */;
		};
		C5A7366E1EBE21C0000D00E9 /* PBXTargetDependency */ = {
			isa = PBXTargetDependency;
			target = C5A7364C1EBE21C0000D00E9 /* QrBill */;
			targetProxy = C5A7366D1EBE21C0000D00E9 /* PBXContainerItemProxy */;
		};
/* End PBXTargetDependency section */

/* Begin PBXVariantGroup section */
		C5A736541EBE21C0000D00E9 /* Main.storyboard */ = {
			isa = PBXVariantGroup;
			children = (
				C5A736551EBE21C0000D00E9 /* Base */,
			);
			name = Main.storyboard;
			sourceTree = "<group>";
		};
		C5A736591EBE21C0000D00E9 /* LaunchScreen.storyboard */ = {
			isa = PBXVariantGroup;
			children = (
				C5A7365A1EBE21C0000D00E9 /* Base */,
			);
			name = LaunchScreen.storyboard;
			sourceTree = "<group>";
		};
/* End PBXVariantGroup section */

/* Begin XCBuildConfiguration section */
		C5A736731EBE21C0000D00E9 /* Debug */ = {
			isa = XCBuildConfiguration;
			buildSettings = {
				ALWAYS_SEARCH_USER_PATHS = NO;
				CLANG_ANALYZER_NONNULL = YES;
				CLANG_ANALYZER_NUMBER_OBJECT_CONVERSION = YES_AGGRESSIVE;
				CLANG_CXX_LANGUAGE_STANDARD = "gnu++0x";
				CLANG_CXX_LIBRARY = "libc++";
				CLANG_ENABLE_MODULES = YES;
				CLANG_ENABLE_OBJC_ARC = YES;
				CLANG_WARN_BOOL_CONVERSION = YES;
				CLANG_WARN_CONSTANT_CONVERSION = YES;
				CLANG_WARN_DIRECT_OBJC_ISA_USAGE = YES_ERROR;
				CLANG_WARN_DOCUMENTATION_COMMENTS = YES;
				CLANG_WARN_EMPTY_BODY = YES;
				CLANG_WARN_ENUM_CONVERSION = YES;
				CLANG_WARN_INFINITE_RECURSION = YES;
				CLANG_WARN_INT_CONVERSION = YES;
				CLANG_WARN_OBJC_ROOT_CLASS = YES_ERROR;
				CLANG_WARN_SUSPICIOUS_MOVE = YES;
				CLANG_WARN_UNREACHABLE_CODE = YES;
				CLANG_WARN__DUPLICATE_METHOD_MATCH = YES;
				"CODE_SIGN_IDENTITY[sdk=iphoneos*]" = "iPhone Developer";
				COPY_PHASE_STRIP = NO;
				DEBUG_INFORMATION_FORMAT = dwarf;
				ENABLE_STRICT_OBJC_MSGSEND = YES;
				ENABLE_TESTABILITY = YES;
				GCC_C_LANGUAGE_STANDARD = gnu99;
				GCC_DYNAMIC_NO_PIC = NO;
				GCC_NO_COMMON_BLOCKS = YES;
				GCC_OPTIMIZATION_LEVEL = 0;
				GCC_PREPROCESSOR_DEFINITIONS = (
					"DEBUG=1",
					"$(inherited)",
				);
				GCC_WARN_64_TO_32_BIT_CONVERSION = YES;
				GCC_WARN_ABOUT_RETURN_TYPE = YES_ERROR;
				GCC_WARN_UNDECLARED_SELECTOR = YES;
				GCC_WARN_UNINITIALIZED_AUTOS = YES_AGGRESSIVE;
				GCC_WARN_UNUSED_FUNCTION = YES;
				GCC_WARN_UNUSED_VARIABLE = YES;
				IPHONEOS_DEPLOYMENT_TARGET = 10.3;
				MTL_ENABLE_DEBUG_INFO = YES;
				ONLY_ACTIVE_ARCH = YES;
				SDKROOT = iphoneos;
				SWIFT_ACTIVE_COMPILATION_CONDITIONS = DEBUG;
				SWIFT_OPTIMIZATION_LEVEL = "-Onone";
			};
			name = Debug;
		};
		C5A736741EBE21C0000D00E9 /* Release */ = {
			isa = XCBuildConfiguration;
			buildSettings = {
				ALWAYS_SEARCH_USER_PATHS = NO;
				CLANG_ANALYZER_NONNULL = YES;
				CLANG_ANALYZER_NUMBER_OBJECT_CONVERSION = YES_AGGRESSIVE;
				CLANG_CXX_LANGUAGE_STANDARD = "gnu++0x";
				CLANG_CXX_LIBRARY = "libc++";
				CLANG_ENABLE_MODULES = YES;
				CLANG_ENABLE_OBJC_ARC = YES;
				CLANG_WARN_BOOL_CONVERSION = YES;
				CLANG_WARN_CONSTANT_CONVERSION = YES;
				CLANG_WARN_DIRECT_OBJC_ISA_USAGE = YES_ERROR;
				CLANG_WARN_DOCUMENTATION_COMMENTS = YES;
				CLANG_WARN_EMPTY_BODY = YES;
				CLANG_WARN_ENUM_CONVERSION = YES;
				CLANG_WARN_INFINITE_RECURSION = YES;
				CLANG_WARN_INT_CONVERSION = YES;
				CLANG_WARN_OBJC_ROOT_CLASS = YES_ERROR;
				CLANG_WARN_SUSPICIOUS_MOVE = YES;
				CLANG_WARN_UNREACHABLE_CODE = YES;
				CLANG_WARN__DUPLICATE_METHOD_MATCH = YES;
				"CODE_SIGN_IDENTITY[sdk=iphoneos*]" = "iPhone Developer";
				COPY_PHASE_STRIP = NO;
				DEBUG_INFORMATION_FORMAT = "dwarf-with-dsym";
				ENABLE_NS_ASSERTIONS = NO;
				ENABLE_STRICT_OBJC_MSGSEND = YES;
				GCC_C_LANGUAGE_STANDARD = gnu99;
				GCC_NO_COMMON_BLOCKS = YES;
				GCC_WARN_64_TO_32_BIT_CONVERSION = YES;
				GCC_WARN_ABOUT_RETURN_TYPE = YES_ERROR;
				GCC_WARN_UNDECLARED_SELECTOR = YES;
				GCC_WARN_UNINITIALIZED_AUTOS = YES_AGGRESSIVE;
				GCC_WARN_UNUSED_FUNCTION = YES;
				GCC_WARN_UNUSED_VARIABLE = YES;
				IPHONEOS_DEPLOYMENT_TARGET = 10.3;
				MTL_ENABLE_DEBUG_INFO = NO;
				SDKROOT = iphoneos;
				SWIFT_OPTIMIZATION_LEVEL = "-Owholemodule";
				VALIDATE_PRODUCT = YES;
			};
			name = Release;
		};
		C5A736761EBE21C0000D00E9 /* Debug */ = {
			isa = XCBuildConfiguration;
			buildSettings = {
				ASSETCATALOG_COMPILER_APPICON_NAME = AppIcon;
				DEVELOPMENT_TEAM = 9VM57AG273;
				INFOPLIST_FILE = QrBill/Info.plist;
				LD_RUNPATH_SEARCH_PATHS = "$(inherited) @executable_path/Frameworks";
				PRODUCT_BUNDLE_IDENTIFIER = DevChallenge.QrBill;
				PRODUCT_NAME = "$(TARGET_NAME)";
				SWIFT_VERSION = 3.0;
			};
			name = Debug;
		};
		C5A736771EBE21C0000D00E9 /* Release */ = {
			isa = XCBuildConfiguration;
			buildSettings = {
				ASSETCATALOG_COMPILER_APPICON_NAME = AppIcon;
				DEVELOPMENT_TEAM = 9VM57AG273;
				INFOPLIST_FILE = QrBill/Info.plist;
				LD_RUNPATH_SEARCH_PATHS = "$(inherited) @executable_path/Frameworks";
				PRODUCT_BUNDLE_IDENTIFIER = DevChallenge.QrBill;
				PRODUCT_NAME = "$(TARGET_NAME)";
				SWIFT_VERSION = 3.0;
			};
			name = Release;
		};
		C5A736791EBE21C0000D00E9 /* Debug */ = {
			isa = XCBuildConfiguration;
			buildSettings = {
				ALWAYS_EMBED_SWIFT_STANDARD_LIBRARIES = YES;
				BUNDLE_LOADER = "$(TEST_HOST)";
				INFOPLIST_FILE = QrBillTests/Info.plist;
				LD_RUNPATH_SEARCH_PATHS = "$(inherited) @executable_path/Frameworks @loader_path/Frameworks";
				PRODUCT_BUNDLE_IDENTIFIER = DevChallenge.QrBillTests;
				PRODUCT_NAME = "$(TARGET_NAME)";
				SWIFT_VERSION = 3.0;
				TEST_HOST = "$(BUILT_PRODUCTS_DIR)/QrBill.app/QrBill";
			};
			name = Debug;
		};
		C5A7367A1EBE21C0000D00E9 /* Release */ = {
			isa = XCBuildConfiguration;
			buildSettings = {
				ALWAYS_EMBED_SWIFT_STANDARD_LIBRARIES = YES;
				BUNDLE_LOADER = "$(TEST_HOST)";
				INFOPLIST_FILE = QrBillTests/Info.plist;
				LD_RUNPATH_SEARCH_PATHS = "$(inherited) @executable_path/Frameworks @loader_path/Frameworks";
				PRODUCT_BUNDLE_IDENTIFIER = DevChallenge.QrBillTests;
				PRODUCT_NAME = "$(TARGET_NAME)";
				SWIFT_VERSION = 3.0;
				TEST_HOST = "$(BUILT_PRODUCTS_DIR)/QrBill.app/QrBill";
			};
			name = Release;
		};
		C5A7367C1EBE21C0000D00E9 /* Debug */ = {
			isa = XCBuildConfiguration;
			buildSettings = {
				ALWAYS_EMBED_SWIFT_STANDARD_LIBRARIES = YES;
				INFOPLIST_FILE = QrBillUITests/Info.plist;
				LD_RUNPATH_SEARCH_PATHS = "$(inherited) @executable_path/Frameworks @loader_path/Frameworks";
				PRODUCT_BUNDLE_IDENTIFIER = DevChallenge.QrBillUITests;
				PRODUCT_NAME = "$(TARGET_NAME)";
				SWIFT_VERSION = 3.0;
				TEST_TARGET_NAME = QrBill;
			};
			name = Debug;
		};
		C5A7367D1EBE21C0000D00E9 /* Release */ = {
			isa = XCBuildConfiguration;
			buildSettings = {
				ALWAYS_EMBED_SWIFT_STANDARD_LIBRARIES = YES;
				INFOPLIST_FILE = QrBillUITests/Info.plist;
				LD_RUNPATH_SEARCH_PATHS = "$(inherited) @executable_path/Frameworks @loader_path/Frameworks";
				PRODUCT_BUNDLE_IDENTIFIER = DevChallenge.QrBillUITests;
				PRODUCT_NAME = "$(TARGET_NAME)";
				SWIFT_VERSION = 3.0;
				TEST_TARGET_NAME = QrBill;
			};
			name = Release;
		};
/* End XCBuildConfiguration section */

/* Begin XCConfigurationList section */
		C5A736481EBE21C0000D00E9 /* Build configuration list for PBXProject "QrBill" */ = {
			isa = XCConfigurationList;
			buildConfigurations = (
				C5A736731EBE21C0000D00E9 /* Debug */,
				C5A736741EBE21C0000D00E9 /* Release */,
			);
			defaultConfigurationIsVisible = 0;
			defaultConfigurationName = Release;
		};
		C5A736751EBE21C0000D00E9 /* Build configuration list for PBXNativeTarget "QrBill" */ = {
			isa = XCConfigurationList;
			buildConfigurations = (
				C5A736761EBE21C0000D00E9 /* Debug */,
				C5A736771EBE21C0000D00E9 /* Release */,
			);
			defaultConfigurationIsVisible = 0;
		};
		C5A736781EBE21C0000D00E9 /* Build configuration list for PBXNativeTarget "QrBillTests" */ = {
			isa = XCConfigurationList;
			buildConfigurations = (
				C5A736791EBE21C0000D00E9 /* Debug */,
				C5A7367A1EBE21C0000D00E9 /* Release */,
			);
			defaultConfigurationIsVisible = 0;
		};
		C5A7367B1EBE21C0000D00E9 /* Build configuration list for PBXNativeTarget "QrBillUITests" */ = {
			isa = XCConfigurationList;
			buildConfigurations = (
				C5A7367C1EBE21C0000D00E9 /* Debug */,
				C5A7367D1EBE21C0000D00E9 /* Release */,
			);
			defaultConfigurationIsVisible = 0;
		};
/* End XCConfigurationList section */
	};
	rootObject = C5A736451EBE21C0000D00E9 /* Project object */;
}
